
Microsoft Visual Studio Solution File, Format Version 12.00
# Visual Studio Version 17
VisualStudioVersion = 17.1.32228.430
MinimumVisualStudioVersion = 10.0.40219.1
Project("{FAE04EC0-301F-11D3-BF4B-00C04F79EFBC}") = "ZhouLe1119Project3CLSApp", "ZhouLe1119Project3CLSApp\ZhouLe1119Project3CLSApp.csproj", "{FB2012E6-F5FE-4750-A33B-8D39648C85C0}"
EndProject
Global
	GlobalSection(SolutionConfigurationPlatforms) = preSolution
		Debug|Any CPU = Debug|Any CPU
		Release|Any CPU = Release|Any CPU
	EndGlobalSection
	GlobalSection(ProjectConfigurationPlatforms) = postSolution
		{FB2012E6-F5FE-4750-A33B-8D39648C85C0}.Debug|Any CPU.ActiveCfg = Debug|Any CPU
		{FB2012E6-F5FE-4750-A33B-8D39648C85C0}.Debug|Any CPU.Build.0 = Debug|Any CPU
		{FB2012E6-F5FE-4750-A33B-8D39648C85C0}.Release|Any CPU.ActiveCfg = Release|Any CPU
		{FB2012E6-F5FE-4750-A33B-8D39648C85C0}.Release|Any CPU.Build.0 = Release|Any CPU
	EndGlobalSection
	GlobalSection(SolutionProperties) = preSolution
		HideSolutionNode = FALSE
	EndGlobalSection
	GlobalSection(ExtensibilityGlobals) = postSolution
		SolutionGuid = {B96FE6A0-A31C-460A-AE61-48D559505F03}
	EndGlobalSection
EndGlobal
